
Microsoft Visual Studio Solution File, Format Version 12.00
# Visual Studio Version 17
VisualStudioVersion = 17.8.34316.72
MinimumVisualStudioVersion = 10.0.40219.1
Project("{FAE04EC0-301F-11D3-BF4B-00C04F79EFBC}") = "Hello World", "Hello World\Hello World.csproj", "{C2E0E9CA-A9E2-44C8-9691-692C8069F913}"
EndProject
Project("{FAE04EC0-301F-11D3-BF4B-00C04F79EFBC}") = "To-do list", "To-do list\To-do list.csproj", "{62581EBF-B0E9-4FFE-832F-058E259D59BF}"
EndProject
Project("{FAE04EC0-301F-11D3-BF4B-00C04F79EFBC}") = "To-do lis", "..\To-do lis\To-do lis.csproj", "{F405E8B1-532B-44ED-B2B1-996FDCFB152D}"
EndProject
Project("{FAE04EC0-301F-11D3-BF4B-00C04F79EFBC}") = "To do list", "..\To do list\To do list.csproj", "{7ECF2D9E-3E77-4C30-8CE0-0778355AF781}"
EndProject
Global
	GlobalSection(SolutionConfigurationPlatforms) = preSolution
		Debug|Any CPU = Debug|Any CPU
		Release|Any CPU = Release|Any CPU
	EndGlobalSection
	GlobalSection(ProjectConfigurationPlatforms) = postSolution
		{C2E0E9CA-A9E2-44C8-9691-692C8069F913}.Debug|Any CPU.ActiveCfg = Debug|Any CPU
		{C2E0E9CA-A9E2-44C8-9691-692C8069F913}.Debug|Any CPU.Build.0 = Debug|Any CPU
		{C2E0E9CA-A9E2-44C8-9691-692C8069F913}.Release|Any CPU.ActiveCfg = Release|Any CPU
		{C2E0E9CA-A9E2-44C8-9691-692C8069F913}.Release|Any CPU.Build.0 = Release|Any CPU
		{62581EBF-B0E9-4FFE-832F-058E259D59BF}.Debug|Any CPU.ActiveCfg = Debug|Any CPU
		{62581EBF-B0E9-4FFE-832F-058E259D59BF}.Debug|Any CPU.Build.0 = Debug|Any CPU
		{62581EBF-B0E9-4FFE-832F-058E259D59BF}.Release|Any CPU.ActiveCfg = Release|Any CPU
		{62581EBF-B0E9-4FFE-832F-058E259D59BF}.Release|Any CPU.Build.0 = Release|Any CPU
		{F405E8B1-532B-44ED-B2B1-996FDCFB152D}.Debug|Any CPU.ActiveCfg = Debug|Any CPU
		{F405E8B1-532B-44ED-B2B1-996FDCFB152D}.Debug|Any CPU.Build.0 = Debug|Any CPU
		{F405E8B1-532B-44ED-B2B1-996FDCFB152D}.Release|Any CPU.ActiveCfg = Release|Any CPU
		{F405E8B1-532B-44ED-B2B1-996FDCFB152D}.Release|Any CPU.Build.0 = Release|Any CPU
		{7ECF2D9E-3E77-4C30-8CE0-0778355AF781}.Debug|Any CPU.ActiveCfg = Debug|Any CPU
		{7ECF2D9E-3E77-4C30-8CE0-0778355AF781}.Debug|Any CPU.Build.0 = Debug|Any CPU
		{7ECF2D9E-3E77-4C30-8CE0-0778355AF781}.Release|Any CPU.ActiveCfg = Release|Any CPU
		{7ECF2D9E-3E77-4C30-8CE0-0778355AF781}.Release|Any CPU.Build.0 = Release|Any CPU
	EndGlobalSection
	GlobalSection(SolutionProperties) = preSolution
		HideSolutionNode = FALSE
	EndGlobalSection
	GlobalSection(ExtensibilityGlobals) = postSolution
		SolutionGuid = {ED973A09-5C3C-41BC-834F-1BDCD4E084F6}
	EndGlobalSection
EndGlobal
